// !$*UTF8*$!
{
	archiveVersion = 1;
	classes = {
	};
	objectVersion = 56;
	objects = {

/* Begin PBXBuildFile section */
		D72AFB132A70A58100383C2D /* AddEmailView.swift in Sources */ = {isa = PBXBuildFile; fileRef = D72AFB122A70A58000383C2D /* AddEmailView.swift */; };
		D72AFB152A70A90E00383C2D /* TextFieldModifier.swift in Sources */ = {isa = PBXBuildFile; fileRef = D72AFB142A70A90E00383C2D /* TextFieldModifier.swift */; };
		D72AFB172A70AA4F00383C2D /* CreateUsernameView.swift in Sources */ = {isa = PBXBuildFile; fileRef = D72AFB162A70AA4F00383C2D /* CreateUsernameView.swift */; };
		D72AFB192A70AB4900383C2D /* CreatePasswordView.swift in Sources */ = {isa = PBXBuildFile; fileRef = D72AFB182A70AB4900383C2D /* CreatePasswordView.swift */; };
		D72AFB1B2A70AC1C00383C2D /* CompleteSignupView.swift in Sources */ = {isa = PBXBuildFile; fileRef = D72AFB1A2A70AC1C00383C2D /* CompleteSignupView.swift */; };
		D72AFB1D2A70ADC300383C2D /* User.swift in Sources */ = {isa = PBXBuildFile; fileRef = D72AFB1C2A70ADC300383C2D /* User.swift */; };
		D72AFB1F2A70B36700383C2D /* CurrentUserProfileView.swift in Sources */ = {isa = PBXBuildFile; fileRef = D72AFB1E2A70B36700383C2D /* CurrentUserProfileView.swift */; };
		D72AFB212A70CC9900383C2D /* Post.swift in Sources */ = {isa = PBXBuildFile; fileRef = D72AFB202A70CC9900383C2D /* Post.swift */; };
		D72AFB232A70D62400383C2D /* PostGridView.swift in Sources */ = {isa = PBXBuildFile; fileRef = D72AFB222A70D62400383C2D /* PostGridView.swift */; };
		D72AFB252A70D74700383C2D /* ProfileHeaderView.swift in Sources */ = {isa = PBXBuildFile; fileRef = D72AFB242A70D74700383C2D /* ProfileHeaderView.swift */; };
		D72AFB272A70D8FE00383C2D /* UploadPostView.swift in Sources */ = {isa = PBXBuildFile; fileRef = D72AFB262A70D8FE00383C2D /* UploadPostView.swift */; };
		D72AFB292A70EBB200383C2D /* UploadPostViewModel.swift in Sources */ = {isa = PBXBuildFile; fileRef = D72AFB282A70EBB200383C2D /* UploadPostViewModel.swift */; };
		D72AFB2B2A7209C700383C2D /* GoogleService-Info.plist in Resources */ = {isa = PBXBuildFile; fileRef = D72AFB2A2A7209C700383C2D /* GoogleService-Info.plist */; };
		D72AFB2E2A720A9400383C2D /* FirebaseAuth in Frameworks */ = {isa = PBXBuildFile; productRef = D72AFB2D2A720A9400383C2D /* FirebaseAuth */; };
		D72AFB302A720A9400383C2D /* FirebaseFirestore in Frameworks */ = {isa = PBXBuildFile; productRef = D72AFB2F2A720A9400383C2D /* FirebaseFirestore */; };
		D72AFB322A720A9400383C2D /* FirebaseFirestoreSwift in Frameworks */ = {isa = PBXBuildFile; productRef = D72AFB312A720A9400383C2D /* FirebaseFirestoreSwift */; };
		D72AFB342A720A9400383C2D /* FirebaseStorage in Frameworks */ = {isa = PBXBuildFile; productRef = D72AFB332A720A9400383C2D /* FirebaseStorage */; };
		D72AFB382A720EB200383C2D /* AuthService.swift in Sources */ = {isa = PBXBuildFile; fileRef = D72AFB372A720EB200383C2D /* AuthService.swift */; };
		D72AFB3C2A72100300383C2D /* ContentViewModel.swift in Sources */ = {isa = PBXBuildFile; fileRef = D72AFB3B2A72100300383C2D /* ContentViewModel.swift */; };
		D72AFB3F2A72128700383C2D /* RegistrationViewModel.swift in Sources */ = {isa = PBXBuildFile; fileRef = D72AFB3E2A72128700383C2D /* RegistrationViewModel.swift */; };
		D77E7E912A7227FA003C46A8 /* LoginViewModel.swift in Sources */ = {isa = PBXBuildFile; fileRef = D77E7E902A7227F9003C46A8 /* LoginViewModel.swift */; };
		D77E7E932A785D86003C46A8 /* UserService.swift in Sources */ = {isa = PBXBuildFile; fileRef = D77E7E922A785D86003C46A8 /* UserService.swift */; };
		D77E7E972A785E6E003C46A8 /* SearchViewModel.swift in Sources */ = {isa = PBXBuildFile; fileRef = D77E7E962A785E6E003C46A8 /* SearchViewModel.swift */; };
		D77E7E9B2A79C9A6003C46A8 /* EditProfileView.swift in Sources */ = {isa = PBXBuildFile; fileRef = D77E7E9A2A79C9A6003C46A8 /* EditProfileView.swift */; };
		D77E7E9F2A79D349003C46A8 /* EditProfileViewModel.swift in Sources */ = {isa = PBXBuildFile; fileRef = D77E7E9E2A79D349003C46A8 /* EditProfileViewModel.swift */; };
		D77E7EA12A79E5CC003C46A8 /* ImageService.swift in Sources */ = {isa = PBXBuildFile; fileRef = D77E7EA02A79E5CC003C46A8 /* ImageService.swift */; };
		D78619AD2A6B8223007573B0 /* restrogramApp.swift in Sources */ = {isa = PBXBuildFile; fileRef = D78619AC2A6B8223007573B0 /* restrogramApp.swift */; };
		D78619AF2A6B8223007573B0 /* ContentView.swift in Sources */ = {isa = PBXBuildFile; fileRef = D78619AE2A6B8223007573B0 /* ContentView.swift */; };
		D78619B12A6B822F007573B0 /* Assets.xcassets in Resources */ = {isa = PBXBuildFile; fileRef = D78619B02A6B822F007573B0 /* Assets.xcassets */; };
		D78619B42A6B822F007573B0 /* Preview Assets.xcassets in Resources */ = {isa = PBXBuildFile; fileRef = D78619B32A6B822F007573B0 /* Preview Assets.xcassets */; };
		D78619C82A6B8435007573B0 /* MainTabView.swift in Sources */ = {isa = PBXBuildFile; fileRef = D78619C72A6B8435007573B0 /* MainTabView.swift */; };
		D78619CA2A6B8580007573B0 /* ProfileView.swift in Sources */ = {isa = PBXBuildFile; fileRef = D78619C92A6B8580007573B0 /* ProfileView.swift */; };
		D78619CD2A6B8E29007573B0 /* UserStatView.swift in Sources */ = {isa = PBXBuildFile; fileRef = D78619CC2A6B8E29007573B0 /* UserStatView.swift */; };
		D7A563E52A79F71C00EFDFD7 /* CircularProfileImageView.swift in Sources */ = {isa = PBXBuildFile; fileRef = D7A563E42A79F71C00EFDFD7 /* CircularProfileImageView.swift */; };
		D7A563E92A79F86300EFDFD7 /* Kingfisher in Frameworks */ = {isa = PBXBuildFile; productRef = D7A563E82A79F86300EFDFD7 /* Kingfisher */; };
		D7A563EF2A81875900EFDFD7 /* FeedViewModel.swift in Sources */ = {isa = PBXBuildFile; fileRef = D7A563EE2A81875900EFDFD7 /* FeedViewModel.swift */; };
		D7A563F12A82A1B100EFDFD7 /* PostService.swift in Sources */ = {isa = PBXBuildFile; fileRef = D7A563F02A82A1B100EFDFD7 /* PostService.swift */; };
		D7A563F52A82A45F00EFDFD7 /* PostGridViewModel.swift in Sources */ = {isa = PBXBuildFile; fileRef = D7A563F42A82A45F00EFDFD7 /* PostGridViewModel.swift */; };
		D7F0C5182A6B95A200EA21D2 /* FeedView.swift in Sources */ = {isa = PBXBuildFile; fileRef = D7F0C5172A6B95A200EA21D2 /* FeedView.swift */; };
		D7F0C51A2A6B95B200EA21D2 /* FeedCell.swift in Sources */ = {isa = PBXBuildFile; fileRef = D7F0C5192A6B95B200EA21D2 /* FeedCell.swift */; };
		D7F0C51C2A6B9D6B00EA21D2 /* SearchView.swift in Sources */ = {isa = PBXBuildFile; fileRef = D7F0C51B2A6B9D6B00EA21D2 /* SearchView.swift */; };
		D7F0C5202A6DCF3600EA21D2 /* LoginView.swift in Sources */ = {isa = PBXBuildFile; fileRef = D7F0C51F2A6DCF3600EA21D2 /* LoginView.swift */; };
/* End PBXBuildFile section */

/* Begin PBXFileReference section */
		D72AFB122A70A58000383C2D /* AddEmailView.swift */ = {isa = PBXFileReference; lastKnownFileType = sourcecode.swift; path = AddEmailView.swift; sourceTree = "<group>"; };
		D72AFB142A70A90E00383C2D /* TextFieldModifier.swift */ = {isa = PBXFileReference; lastKnownFileType = sourcecode.swift; path = TextFieldModifier.swift; sourceTree = "<group>"; };
		D72AFB162A70AA4F00383C2D /* CreateUsernameView.swift */ = {isa = PBXFileReference; lastKnownFileType = sourcecode.swift; path = CreateUsernameView.swift; sourceTree = "<group>"; };
		D72AFB182A70AB4900383C2D /* CreatePasswordView.swift */ = {isa = PBXFileReference; lastKnownFileType = sourcecode.swift; path = CreatePasswordView.swift; sourceTree = "<group>"; };
		D72AFB1A2A70AC1C00383C2D /* CompleteSignupView.swift */ = {isa = PBXFileReference; lastKnownFileType = sourcecode.swift; path = CompleteSignupView.swift; sourceTree = "<group>"; };
		D72AFB1C2A70ADC300383C2D /* User.swift */ = {isa = PBXFileReference; lastKnownFileType = sourcecode.swift; path = User.swift; sourceTree = "<group>"; };
		D72AFB1E2A70B36700383C2D /* CurrentUserProfileView.swift */ = {isa = PBXFileReference; lastKnownFileType = sourcecode.swift; path = CurrentUserProfileView.swift; sourceTree = "<group>"; };
		D72AFB202A70CC9900383C2D /* Post.swift */ = {isa = PBXFileReference; lastKnownFileType = sourcecode.swift; path = Post.swift; sourceTree = "<group>"; };
		D72AFB222A70D62400383C2D /* PostGridView.swift */ = {isa = PBXFileReference; lastKnownFileType = sourcecode.swift; path = PostGridView.swift; sourceTree = "<group>"; };
		D72AFB242A70D74700383C2D /* ProfileHeaderView.swift */ = {isa = PBXFileReference; lastKnownFileType = sourcecode.swift; path = ProfileHeaderView.swift; sourceTree = "<group>"; };
		D72AFB262A70D8FE00383C2D /* UploadPostView.swift */ = {isa = PBXFileReference; lastKnownFileType = sourcecode.swift; path = UploadPostView.swift; sourceTree = "<group>"; };
		D72AFB282A70EBB200383C2D /* UploadPostViewModel.swift */ = {isa = PBXFileReference; lastKnownFileType = sourcecode.swift; path = UploadPostViewModel.swift; sourceTree = "<group>"; };
		D72AFB2A2A7209C700383C2D /* GoogleService-Info.plist */ = {isa = PBXFileReference; fileEncoding = 4; lastKnownFileType = text.plist.xml; path = "GoogleService-Info.plist"; sourceTree = "<group>"; };
		D72AFB372A720EB200383C2D /* AuthService.swift */ = {isa = PBXFileReference; lastKnownFileType = sourcecode.swift; path = AuthService.swift; sourceTree = "<group>"; };
		D72AFB3B2A72100300383C2D /* ContentViewModel.swift */ = {isa = PBXFileReference; lastKnownFileType = sourcecode.swift; path = ContentViewModel.swift; sourceTree = "<group>"; };
		D72AFB3E2A72128700383C2D /* RegistrationViewModel.swift */ = {isa = PBXFileReference; lastKnownFileType = sourcecode.swift; path = RegistrationViewModel.swift; sourceTree = "<group>"; };
		D77E7E902A7227F9003C46A8 /* LoginViewModel.swift */ = {isa = PBXFileReference; lastKnownFileType = sourcecode.swift; path = LoginViewModel.swift; sourceTree = "<group>"; };
		D77E7E922A785D86003C46A8 /* UserService.swift */ = {isa = PBXFileReference; lastKnownFileType = sourcecode.swift; path = UserService.swift; sourceTree = "<group>"; };
		D77E7E962A785E6E003C46A8 /* SearchViewModel.swift */ = {isa = PBXFileReference; lastKnownFileType = sourcecode.swift; path = SearchViewModel.swift; sourceTree = "<group>"; };
		D77E7E9A2A79C9A6003C46A8 /* EditProfileView.swift */ = {isa = PBXFileReference; lastKnownFileType = sourcecode.swift; path = EditProfileView.swift; sourceTree = "<group>"; };
		D77E7E9E2A79D349003C46A8 /* EditProfileViewModel.swift */ = {isa = PBXFileReference; lastKnownFileType = sourcecode.swift; path = EditProfileViewModel.swift; sourceTree = "<group>"; };
		D77E7EA02A79E5CC003C46A8 /* ImageService.swift */ = {isa = PBXFileReference; lastKnownFileType = sourcecode.swift; path = ImageService.swift; sourceTree = "<group>"; };
		D78619A92A6B8223007573B0 /* restrogram.app */ = {isa = PBXFileReference; explicitFileType = wrapper.application; includeInIndex = 0; path = restrogram.app; sourceTree = BUILT_PRODUCTS_DIR; };
		D78619AC2A6B8223007573B0 /* restrogramApp.swift */ = {isa = PBXFileReference; lastKnownFileType = sourcecode.swift; path = restrogramApp.swift; sourceTree = "<group>"; };
		D78619AE2A6B8223007573B0 /* ContentView.swift */ = {isa = PBXFileReference; lastKnownFileType = sourcecode.swift; path = ContentView.swift; sourceTree = "<group>"; };
		D78619B02A6B822F007573B0 /* Assets.xcassets */ = {isa = PBXFileReference; lastKnownFileType = folder.assetcatalog; path = Assets.xcassets; sourceTree = "<group>"; };
		D78619B32A6B822F007573B0 /* Preview Assets.xcassets */ = {isa = PBXFileReference; lastKnownFileType = folder.assetcatalog; path = "Preview Assets.xcassets"; sourceTree = "<group>"; };
		D78619C72A6B8435007573B0 /* MainTabView.swift */ = {isa = PBXFileReference; lastKnownFileType = sourcecode.swift; path = MainTabView.swift; sourceTree = "<group>"; };
		D78619C92A6B8580007573B0 /* ProfileView.swift */ = {isa = PBXFileReference; lastKnownFileType = sourcecode.swift; path = ProfileView.swift; sourceTree = "<group>"; };
		D78619CC2A6B8E29007573B0 /* UserStatView.swift */ = {isa = PBXFileReference; lastKnownFileType = sourcecode.swift; path = UserStatView.swift; sourceTree = "<group>"; };
		D7A563E42A79F71C00EFDFD7 /* CircularProfileImageView.swift */ = {isa = PBXFileReference; lastKnownFileType = sourcecode.swift; path = CircularProfileImageView.swift; sourceTree = "<group>"; };
		D7A563EE2A81875900EFDFD7 /* FeedViewModel.swift */ = {isa = PBXFileReference; lastKnownFileType = sourcecode.swift; path = FeedViewModel.swift; sourceTree = "<group>"; };
		D7A563F02A82A1B100EFDFD7 /* PostService.swift */ = {isa = PBXFileReference; lastKnownFileType = sourcecode.swift; path = PostService.swift; sourceTree = "<group>"; };
		D7A563F42A82A45F00EFDFD7 /* PostGridViewModel.swift */ = {isa = PBXFileReference; lastKnownFileType = sourcecode.swift; path = PostGridViewModel.swift; sourceTree = "<group>"; };
		D7F0C5172A6B95A200EA21D2 /* FeedView.swift */ = {isa = PBXFileReference; lastKnownFileType = sourcecode.swift; path = FeedView.swift; sourceTree = "<group>"; };
		D7F0C5192A6B95B200EA21D2 /* FeedCell.swift */ = {isa = PBXFileReference; lastKnownFileType = sourcecode.swift; path = FeedCell.swift; sourceTree = "<group>"; };
		D7F0C51B2A6B9D6B00EA21D2 /* SearchView.swift */ = {isa = PBXFileReference; lastKnownFileType = sourcecode.swift; path = SearchView.swift; sourceTree = "<group>"; };
		D7F0C51F2A6DCF3600EA21D2 /* LoginView.swift */ = {isa = PBXFileReference; lastKnownFileType = sourcecode.swift; path = LoginView.swift; sourceTree = "<group>"; };
/* End PBXFileReference section */

/* Begin PBXFrameworksBuildPhase section */
		D78619A62A6B8223007573B0 /* Frameworks */ = {
			isa = PBXFrameworksBuildPhase;
			buildActionMask = 2147483647;
			files = (
				D72AFB2E2A720A9400383C2D /* FirebaseAuth in Frameworks */,
				D72AFB342A720A9400383C2D /* FirebaseStorage in Frameworks */,
				D72AFB302A720A9400383C2D /* FirebaseFirestore in Frameworks */,
				D72AFB322A720A9400383C2D /* FirebaseFirestoreSwift in Frameworks */,
				D7A563E92A79F86300EFDFD7 /* Kingfisher in Frameworks */,
			);
			runOnlyForDeploymentPostprocessing = 0;
		};
/* End PBXFrameworksBuildPhase section */

/* Begin PBXGroup section */
		D72AFB352A720E8400383C2D /* View */ = {
			isa = PBXGroup;
			children = (
				D7F0C51F2A6DCF3600EA21D2 /* LoginView.swift */,
				D72AFB122A70A58000383C2D /* AddEmailView.swift */,
				D72AFB162A70AA4F00383C2D /* CreateUsernameView.swift */,
				D72AFB182A70AB4900383C2D /* CreatePasswordView.swift */,
				D72AFB1A2A70AC1C00383C2D /* CompleteSignupView.swift */,
			);
			path = View;
			sourceTree = "<group>";
		};
		D72AFB362A720E9B00383C2D /* Service */ = {
			isa = PBXGroup;
			children = (
				D72AFB372A720EB200383C2D /* AuthService.swift */,
			);
			path = Service;
			sourceTree = "<group>";
		};
		D72AFB392A720FDC00383C2D /* View */ = {
			isa = PBXGroup;
			children = (
				D78619AE2A6B8223007573B0 /* ContentView.swift */,
			);
			path = View;
			sourceTree = "<group>";
		};
		D72AFB3A2A720FED00383C2D /* ViewModel */ = {
			isa = PBXGroup;
			children = (
				D72AFB3B2A72100300383C2D /* ContentViewModel.swift */,
			);
			path = ViewModel;
			sourceTree = "<group>";
		};
		D72AFB3D2A72126600383C2D /* ViewModel */ = {
			isa = PBXGroup;
			children = (
				D72AFB3E2A72128700383C2D /* RegistrationViewModel.swift */,
				D77E7E902A7227F9003C46A8 /* LoginViewModel.swift */,
			);
			path = ViewModel;
			sourceTree = "<group>";
		};
		D77E7E942A785E4B003C46A8 /* View */ = {
			isa = PBXGroup;
			children = (
				D7F0C51B2A6B9D6B00EA21D2 /* SearchView.swift */,
			);
			path = View;
			sourceTree = "<group>";
		};
		D77E7E952A785E50003C46A8 /* ViewModel */ = {
			isa = PBXGroup;
			children = (
				D77E7E962A785E6E003C46A8 /* SearchViewModel.swift */,
			);
			path = ViewModel;
			sourceTree = "<group>";
		};
		D77E7E9C2A79D319003C46A8 /* View */ = {
			isa = PBXGroup;
			children = (
				D78619C92A6B8580007573B0 /* ProfileView.swift */,
				D72AFB1E2A70B36700383C2D /* CurrentUserProfileView.swift */,
				D72AFB242A70D74700383C2D /* ProfileHeaderView.swift */,
				D77E7E9A2A79C9A6003C46A8 /* EditProfileView.swift */,
			);
			path = View;
			sourceTree = "<group>";
		};
		D77E7E9D2A79D323003C46A8 /* ViewModel */ = {
			isa = PBXGroup;
			children = (
				D77E7E9E2A79D349003C46A8 /* EditProfileViewModel.swift */,
			);
			path = ViewModel;
			sourceTree = "<group>";
		};
		D78619A02A6B8222007573B0 = {
			isa = PBXGroup;
			children = (
				D78619AB2A6B8223007573B0 /* restrogram */,
				D78619AA2A6B8223007573B0 /* Products */,
			);
			sourceTree = "<group>";
		};
		D78619AA2A6B8223007573B0 /* Products */ = {
			isa = PBXGroup;
			children = (
				D78619A92A6B8223007573B0 /* restrogram.app */,
			);
			name = Products;
			sourceTree = "<group>";
		};
		D78619AB2A6B8223007573B0 /* restrogram */ = {
			isa = PBXGroup;
			children = (
				D78619BE2A6B82F2007573B0 /* App */,
				D78619BD2A6B82F0007573B0 /* Core */,
				D78619BC2A6B82EE007573B0 /* Extensions */,
				D78619BB2A6B82EA007573B0 /* Model */,
				D78619BA2A6B82E7007573B0 /* Services */,
				D72AFB2A2A7209C700383C2D /* GoogleService-Info.plist */,
				D78619B02A6B822F007573B0 /* Assets.xcassets */,
				D78619B22A6B822F007573B0 /* Preview Content */,
			);
			path = restrogram;
			sourceTree = "<group>";
		};
		D78619B22A6B822F007573B0 /* Preview Content */ = {
			isa = PBXGroup;
			children = (
				D78619B32A6B822F007573B0 /* Preview Assets.xcassets */,
			);
			path = "Preview Content";
			sourceTree = "<group>";
		};
		D78619BA2A6B82E7007573B0 /* Services */ = {
			isa = PBXGroup;
			children = (
				D77E7E922A785D86003C46A8 /* UserService.swift */,
				D77E7EA02A79E5CC003C46A8 /* ImageService.swift */,
				D7A563F02A82A1B100EFDFD7 /* PostService.swift */,
			);
			path = Services;
			sourceTree = "<group>";
		};
		D78619BB2A6B82EA007573B0 /* Model */ = {
			isa = PBXGroup;
			children = (
				D72AFB1C2A70ADC300383C2D /* User.swift */,
				D72AFB202A70CC9900383C2D /* Post.swift */,
			);
			path = Model;
			sourceTree = "<group>";
		};
		D78619BC2A6B82EE007573B0 /* Extensions */ = {
			isa = PBXGroup;
			children = (
			);
			path = Extensions;
			sourceTree = "<group>";
		};
		D78619BD2A6B82F0007573B0 /* Core */ = {
			isa = PBXGroup;
			children = (
				D78619BF2A6B8335007573B0 /* Authentication */,
				D78619CB2A6B8E06007573B0 /* Components */,
				D78619C02A6B8364007573B0 /* Feed */,
				D78619C12A6B8373007573B0 /* Profile */,
				D78619C32A6B8383007573B0 /* Root */,
				D78619C62A6B83DC007573B0 /* Search */,
				D78619C42A6B8398007573B0 /* TabBar */,
				D78619C52A6B83B5007573B0 /* UploadPost */,
			);
			path = Core;
			sourceTree = "<group>";
		};
		D78619BE2A6B82F2007573B0 /* App */ = {
			isa = PBXGroup;
			children = (
				D78619AC2A6B8223007573B0 /* restrogramApp.swift */,
			);
			path = App;
			sourceTree = "<group>";
		};
		D78619BF2A6B8335007573B0 /* Authentication */ = {
			isa = PBXGroup;
			children = (
				D72AFB352A720E8400383C2D /* View */,
				D72AFB3D2A72126600383C2D /* ViewModel */,
				D72AFB362A720E9B00383C2D /* Service */,
			);
			path = Authentication;
			sourceTree = "<group>";
		};
		D78619C02A6B8364007573B0 /* Feed */ = {
			isa = PBXGroup;
			children = (
				D7A563ED2A81873D00EFDFD7 /* View */,
				D7A563EC2A81873400EFDFD7 /* ViewModel */,
			);
			path = Feed;
			sourceTree = "<group>";
		};
		D78619C12A6B8373007573B0 /* Profile */ = {
			isa = PBXGroup;
			children = (
				D77E7E9D2A79D323003C46A8 /* ViewModel */,
				D77E7E9C2A79D319003C46A8 /* View */,
			);
			path = Profile;
			sourceTree = "<group>";
		};
		D78619C32A6B8383007573B0 /* Root */ = {
			isa = PBXGroup;
			children = (
				D72AFB392A720FDC00383C2D /* View */,
				D72AFB3A2A720FED00383C2D /* ViewModel */,
			);
			path = Root;
			sourceTree = "<group>";
		};
		D78619C42A6B8398007573B0 /* TabBar */ = {
			isa = PBXGroup;
			children = (
				D78619C72A6B8435007573B0 /* MainTabView.swift */,
			);
			path = TabBar;
			sourceTree = "<group>";
		};
		D78619C52A6B83B5007573B0 /* UploadPost */ = {
			isa = PBXGroup;
			children = (
				D7A563EB2A81803500EFDFD7 /* View */,
				D7A563EA2A81802D00EFDFD7 /* ViewModel */,
			);
			path = UploadPost;
			sourceTree = "<group>";
		};
		D78619C62A6B83DC007573B0 /* Search */ = {
			isa = PBXGroup;
			children = (
				D77E7E952A785E50003C46A8 /* ViewModel */,
				D77E7E942A785E4B003C46A8 /* View */,
			);
			path = Search;
			sourceTree = "<group>";
		};
		D78619CB2A6B8E06007573B0 /* Components */ = {
			isa = PBXGroup;
			children = (
				D7A563F32A82A45200EFDFD7 /* ViewModel */,
				D7A563F22A82A44400EFDFD7 /* View */,
			);
			path = Components;
			sourceTree = "<group>";
		};
		D7A563EA2A81802D00EFDFD7 /* ViewModel */ = {
			isa = PBXGroup;
			children = (
				D72AFB282A70EBB200383C2D /* UploadPostViewModel.swift */,
			);
			path = ViewModel;
			sourceTree = "<group>";
		};
		D7A563EB2A81803500EFDFD7 /* View */ = {
			isa = PBXGroup;
			children = (
				D72AFB262A70D8FE00383C2D /* UploadPostView.swift */,
			);
			path = View;
			sourceTree = "<group>";
		};
		D7A563EC2A81873400EFDFD7 /* ViewModel */ = {
			isa = PBXGroup;
			children = (
				D7A563EE2A81875900EFDFD7 /* FeedViewModel.swift */,
			);
			path = ViewModel;
			sourceTree = "<group>";
		};
		D7A563ED2A81873D00EFDFD7 /* View */ = {
			isa = PBXGroup;
			children = (
				D7F0C5172A6B95A200EA21D2 /* FeedView.swift */,
				D7F0C5192A6B95B200EA21D2 /* FeedCell.swift */,
			);
			path = View;
			sourceTree = "<group>";
		};
		D7A563F22A82A44400EFDFD7 /* View */ = {
			isa = PBXGroup;
			children = (
				D78619CC2A6B8E29007573B0 /* UserStatView.swift */,
				D72AFB142A70A90E00383C2D /* TextFieldModifier.swift */,
				D72AFB222A70D62400383C2D /* PostGridView.swift */,
				D7A563E42A79F71C00EFDFD7 /* CircularProfileImageView.swift */,
			);
			path = View;
			sourceTree = "<group>";
		};
		D7A563F32A82A45200EFDFD7 /* ViewModel */ = {
			isa = PBXGroup;
			children = (
				D7A563F42A82A45F00EFDFD7 /* PostGridViewModel.swift */,
			);
			path = ViewModel;
			sourceTree = "<group>";
		};
/* End PBXGroup section */

/* Begin PBXNativeTarget section */
		D78619A82A6B8223007573B0 /* restrogram */ = {
			isa = PBXNativeTarget;
			buildConfigurationList = D78619B72A6B822F007573B0 /* Build configuration list for PBXNativeTarget "restrogram" */;
			buildPhases = (
				D78619A52A6B8223007573B0 /* Sources */,
				D78619A62A6B8223007573B0 /* Frameworks */,
				D78619A72A6B8223007573B0 /* Resources */,
			);
			buildRules = (
			);
			dependencies = (
			);
			name = restrogram;
			packageProductDependencies = (
				D72AFB2D2A720A9400383C2D /* FirebaseAuth */,
				D72AFB2F2A720A9400383C2D /* FirebaseFirestore */,
				D72AFB312A720A9400383C2D /* FirebaseFirestoreSwift */,
				D72AFB332A720A9400383C2D /* FirebaseStorage */,
				D7A563E82A79F86300EFDFD7 /* Kingfisher */,
			);
			productName = restrogram;
			productReference = D78619A92A6B8223007573B0 /* restrogram.app */;
			productType = "com.apple.product-type.application";
		};
/* End PBXNativeTarget section */

/* Begin PBXProject section */
		D78619A12A6B8222007573B0 /* Project object */ = {
			isa = PBXProject;
			attributes = {
				BuildIndependentTargetsInParallel = 1;
				LastSwiftUpdateCheck = 1430;
				LastUpgradeCheck = 1430;
				TargetAttributes = {
					D78619A82A6B8223007573B0 = {
						CreatedOnToolsVersion = 14.3.1;
					};
				};
			};
			buildConfigurationList = D78619A42A6B8222007573B0 /* Build configuration list for PBXProject "restrogram" */;
			compatibilityVersion = "Xcode 14.0";
			developmentRegion = en;
			hasScannedForEncodings = 0;
			knownRegions = (
				en,
				Base,
			);
			mainGroup = D78619A02A6B8222007573B0;
			packageReferences = (
				D72AFB2C2A720A9400383C2D /* XCRemoteSwiftPackageReference "firebase-ios-sdk" */,
				D7A563E72A79F86300EFDFD7 /* XCRemoteSwiftPackageReference "Kingfisher" */,
			);
			productRefGroup = D78619AA2A6B8223007573B0 /* Products */;
			projectDirPath = "";
			projectRoot = "";
			targets = (
				D78619A82A6B8223007573B0 /* restrogram */,
			);
		};
/* End PBXProject section */

/* Begin PBXResourcesBuildPhase section */
		D78619A72A6B8223007573B0 /* Resources */ = {
			isa = PBXResourcesBuildPhase;
			buildActionMask = 2147483647;
			files = (
				D78619B42A6B822F007573B0 /* Preview Assets.xcassets in Resources */,
				D78619B12A6B822F007573B0 /* Assets.xcassets in Resources */,
				D72AFB2B2A7209C700383C2D /* GoogleService-Info.plist in Resources */,
			);
			runOnlyForDeploymentPostprocessing = 0;
		};
/* End PBXResourcesBuildPhase section */

/* Begin PBXSourcesBuildPhase section */
		D78619A52A6B8223007573B0 /* Sources */ = {
			isa = PBXSourcesBuildPhase;
			buildActionMask = 2147483647;
			files = (
				D7F0C51A2A6B95B200EA21D2 /* FeedCell.swift in Sources */,
				D72AFB272A70D8FE00383C2D /* UploadPostView.swift in Sources */,
				D78619CA2A6B8580007573B0 /* ProfileView.swift in Sources */,
				D78619AF2A6B8223007573B0 /* ContentView.swift in Sources */,
				D7F0C5202A6DCF3600EA21D2 /* LoginView.swift in Sources */,
				D77E7E9F2A79D349003C46A8 /* EditProfileViewModel.swift in Sources */,
				D72AFB382A720EB200383C2D /* AuthService.swift in Sources */,
				D77E7E932A785D86003C46A8 /* UserService.swift in Sources */,
				D72AFB212A70CC9900383C2D /* Post.swift in Sources */,
				D78619AD2A6B8223007573B0 /* restrogramApp.swift in Sources */,
				D72AFB1F2A70B36700383C2D /* CurrentUserProfileView.swift in Sources */,
				D72AFB132A70A58100383C2D /* AddEmailView.swift in Sources */,
				D72AFB232A70D62400383C2D /* PostGridView.swift in Sources */,
				D72AFB172A70AA4F00383C2D /* CreateUsernameView.swift in Sources */,
				D7A563EF2A81875900EFDFD7 /* FeedViewModel.swift in Sources */,
				D72AFB3C2A72100300383C2D /* ContentViewModel.swift in Sources */,
				D7A563F12A82A1B100EFDFD7 /* PostService.swift in Sources */,
				D77E7E9B2A79C9A6003C46A8 /* EditProfileView.swift in Sources */,
				D7A563F52A82A45F00EFDFD7 /* PostGridViewModel.swift in Sources */,
				D77E7E912A7227FA003C46A8 /* LoginViewModel.swift in Sources */,
				D72AFB3F2A72128700383C2D /* RegistrationViewModel.swift in Sources */,
				D72AFB292A70EBB200383C2D /* UploadPostViewModel.swift in Sources */,
				D72AFB252A70D74700383C2D /* ProfileHeaderView.swift in Sources */,
				D7F0C51C2A6B9D6B00EA21D2 /* SearchView.swift in Sources */,
				D72AFB1D2A70ADC300383C2D /* User.swift in Sources */,
				D78619CD2A6B8E29007573B0 /* UserStatView.swift in Sources */,
				D77E7EA12A79E5CC003C46A8 /* ImageService.swift in Sources */,
				D72AFB1B2A70AC1C00383C2D /* CompleteSignupView.swift in Sources */,
				D7F0C5182A6B95A200EA21D2 /* FeedView.swift in Sources */,
				D72AFB152A70A90E00383C2D /* TextFieldModifier.swift in Sources */,
				D7A563E52A79F71C00EFDFD7 /* CircularProfileImageView.swift in Sources */,
				D77E7E972A785E6E003C46A8 /* SearchViewModel.swift in Sources */,
				D78619C82A6B8435007573B0 /* MainTabView.swift in Sources */,
				D72AFB192A70AB4900383C2D /* CreatePasswordView.swift in Sources */,
			);
			runOnlyForDeploymentPostprocessing = 0;
		};
/* End PBXSourcesBuildPhase section */

/* Begin XCBuildConfiguration section */
		D78619B52A6B822F007573B0 /* Debug */ = {
			isa = XCBuildConfiguration;
			buildSettings = {
				ALWAYS_SEARCH_USER_PATHS = NO;
				CLANG_ANALYZER_NONNULL = YES;
				CLANG_ANALYZER_NUMBER_OBJECT_CONVERSION = YES_AGGRESSIVE;
				CLANG_CXX_LANGUAGE_STANDARD = "gnu++20";
				CLANG_ENABLE_MODULES = YES;
				CLANG_ENABLE_OBJC_ARC = YES;
				CLANG_ENABLE_OBJC_WEAK = YES;
				CLANG_WARN_BLOCK_CAPTURE_AUTORELEASING = YES;
				CLANG_WARN_BOOL_CONVERSION = YES;
				CLANG_WARN_COMMA = YES;
				CLANG_WARN_CONSTANT_CONVERSION = YES;
				CLANG_WARN_DEPRECATED_OBJC_IMPLEMENTATIONS = YES;
				CLANG_WARN_DIRECT_OBJC_ISA_USAGE = YES_ERROR;
				CLANG_WARN_DOCUMENTATION_COMMENTS = YES;
				CLANG_WARN_EMPTY_BODY = YES;
				CLANG_WARN_ENUM_CONVERSION = YES;
				CLANG_WARN_INFINITE_RECURSION = YES;
				CLANG_WARN_INT_CONVERSION = YES;
				CLANG_WARN_NON_LITERAL_NULL_CONVERSION = YES;
				CLANG_WARN_OBJC_IMPLICIT_RETAIN_SELF = YES;
				CLANG_WARN_OBJC_LITERAL_CONVERSION = YES;
				CLANG_WARN_OBJC_ROOT_CLASS = YES_ERROR;
				CLANG_WARN_QUOTED_INCLUDE_IN_FRAMEWORK_HEADER = YES;
				CLANG_WARN_RANGE_LOOP_ANALYSIS = YES;
				CLANG_WARN_STRICT_PROTOTYPES = YES;
				CLANG_WARN_SUSPICIOUS_MOVE = YES;
				CLANG_WARN_UNGUARDED_AVAILABILITY = YES_AGGRESSIVE;
				CLANG_WARN_UNREACHABLE_CODE = YES;
				CLANG_WARN__DUPLICATE_METHOD_MATCH = YES;
				COPY_PHASE_STRIP = NO;
				DEBUG_INFORMATION_FORMAT = dwarf;
				ENABLE_STRICT_OBJC_MSGSEND = YES;
				ENABLE_TESTABILITY = YES;
				GCC_C_LANGUAGE_STANDARD = gnu11;
				GCC_DYNAMIC_NO_PIC = NO;
				GCC_NO_COMMON_BLOCKS = YES;
				GCC_OPTIMIZATION_LEVEL = 0;
				GCC_PREPROCESSOR_DEFINITIONS = (
					"DEBUG=1",
					"$(inherited)",
				);
				GCC_WARN_64_TO_32_BIT_CONVERSION = YES;
				GCC_WARN_ABOUT_RETURN_TYPE = YES_ERROR;
				GCC_WARN_UNDECLARED_SELECTOR = YES;
				GCC_WARN_UNINITIALIZED_AUTOS = YES_AGGRESSIVE;
				GCC_WARN_UNUSED_FUNCTION = YES;
				GCC_WARN_UNUSED_VARIABLE = YES;
				IPHONEOS_DEPLOYMENT_TARGET = 16.4;
				MTL_ENABLE_DEBUG_INFO = INCLUDE_SOURCE;
				MTL_FAST_MATH = YES;
				ONLY_ACTIVE_ARCH = YES;
				SDKROOT = iphoneos;
				SWIFT_ACTIVE_COMPILATION_CONDITIONS = DEBUG;
				SWIFT_OPTIMIZATION_LEVEL = "-Onone";
			};
			name = Debug;
		};
		D78619B62A6B822F007573B0 /* Release */ = {
			isa = XCBuildConfiguration;
			buildSettings = {
				ALWAYS_SEARCH_USER_PATHS = NO;
				CLANG_ANALYZER_NONNULL = YES;
				CLANG_ANALYZER_NUMBER_OBJECT_CONVERSION = YES_AGGRESSIVE;
				CLANG_CXX_LANGUAGE_STANDARD = "gnu++20";
				CLANG_ENABLE_MODULES = YES;
				CLANG_ENABLE_OBJC_ARC = YES;
				CLANG_ENABLE_OBJC_WEAK = YES;
				CLANG_WARN_BLOCK_CAPTURE_AUTORELEASING = YES;
				CLANG_WARN_BOOL_CONVERSION = YES;
				CLANG_WARN_COMMA = YES;
				CLANG_WARN_CONSTANT_CONVERSION = YES;
				CLANG_WARN_DEPRECATED_OBJC_IMPLEMENTATIONS = YES;
				CLANG_WARN_DIRECT_OBJC_ISA_USAGE = YES_ERROR;
				CLANG_WARN_DOCUMENTATION_COMMENTS = YES;
				CLANG_WARN_EMPTY_BODY = YES;
				CLANG_WARN_ENUM_CONVERSION = YES;
				CLANG_WARN_INFINITE_RECURSION = YES;
				CLANG_WARN_INT_CONVERSION = YES;
				CLANG_WARN_NON_LITERAL_NULL_CONVERSION = YES;
				CLANG_WARN_OBJC_IMPLICIT_RETAIN_SELF = YES;
				CLANG_WARN_OBJC_LITERAL_CONVERSION = YES;
				CLANG_WARN_OBJC_ROOT_CLASS = YES_ERROR;
				CLANG_WARN_QUOTED_INCLUDE_IN_FRAMEWORK_HEADER = YES;
				CLANG_WARN_RANGE_LOOP_ANALYSIS = YES;
				CLANG_WARN_STRICT_PROTOTYPES = YES;
				CLANG_WARN_SUSPICIOUS_MOVE = YES;
				CLANG_WARN_UNGUARDED_AVAILABILITY = YES_AGGRESSIVE;
				CLANG_WARN_UNREACHABLE_CODE = YES;
				CLANG_WARN__DUPLICATE_METHOD_MATCH = YES;
				COPY_PHASE_STRIP = NO;
				DEBUG_INFORMATION_FORMAT = "dwarf-with-dsym";
				ENABLE_NS_ASSERTIONS = NO;
				ENABLE_STRICT_OBJC_MSGSEND = YES;
				GCC_C_LANGUAGE_STANDARD = gnu11;
				GCC_NO_COMMON_BLOCKS = YES;
				GCC_WARN_64_TO_32_BIT_CONVERSION = YES;
				GCC_WARN_ABOUT_RETURN_TYPE = YES_ERROR;
				GCC_WARN_UNDECLARED_SELECTOR = YES;
				GCC_WARN_UNINITIALIZED_AUTOS = YES_AGGRESSIVE;
				GCC_WARN_UNUSED_FUNCTION = YES;
				GCC_WARN_UNUSED_VARIABLE = YES;
				IPHONEOS_DEPLOYMENT_TARGET = 16.4;
				MTL_ENABLE_DEBUG_INFO = NO;
				MTL_FAST_MATH = YES;
				SDKROOT = iphoneos;
				SWIFT_COMPILATION_MODE = wholemodule;
				SWIFT_OPTIMIZATION_LEVEL = "-O";
				VALIDATE_PRODUCT = YES;
			};
			name = Release;
		};
		D78619B82A6B822F007573B0 /* Debug */ = {
			isa = XCBuildConfiguration;
			buildSettings = {
				ASSETCATALOG_COMPILER_APPICON_NAME = AppIcon;
				ASSETCATALOG_COMPILER_GLOBAL_ACCENT_COLOR_NAME = AccentColor;
				CODE_SIGN_STYLE = Automatic;
				CURRENT_PROJECT_VERSION = 1;
				DEVELOPMENT_ASSET_PATHS = "\"restrogram/Preview Content\"";
				ENABLE_PREVIEWS = YES;
				GENERATE_INFOPLIST_FILE = YES;
				INFOPLIST_KEY_UIApplicationSceneManifest_Generation = YES;
				INFOPLIST_KEY_UIApplicationSupportsIndirectInputEvents = YES;
				INFOPLIST_KEY_UILaunchScreen_Generation = YES;
				INFOPLIST_KEY_UISupportedInterfaceOrientations_iPad = "UIInterfaceOrientationPortrait UIInterfaceOrientationPortraitUpsideDown UIInterfaceOrientationLandscapeLeft UIInterfaceOrientationLandscapeRight";
				INFOPLIST_KEY_UISupportedInterfaceOrientations_iPhone = "UIInterfaceOrientationPortrait UIInterfaceOrientationLandscapeLeft UIInterfaceOrientationLandscapeRight";
				LD_RUNPATH_SEARCH_PATHS = (
					"$(inherited)",
					"@executable_path/Frameworks",
				);
				MARKETING_VERSION = 1.0;
				PRODUCT_BUNDLE_IDENTIFIER = com.lwu5.restrogram;
				PRODUCT_NAME = "$(TARGET_NAME)";
				SWIFT_EMIT_LOC_STRINGS = YES;
				SWIFT_VERSION = 5.0;
				TARGETED_DEVICE_FAMILY = "1,2";
			};
			name = Debug;
		};
		D78619B92A6B822F007573B0 /* Release */ = {
			isa = XCBuildConfiguration;
			buildSettings = {
				ASSETCATALOG_COMPILER_APPICON_NAME = AppIcon;
				ASSETCATALOG_COMPILER_GLOBAL_ACCENT_COLOR_NAME = AccentColor;
				CODE_SIGN_STYLE = Automatic;
				CURRENT_PROJECT_VERSION = 1;
				DEVELOPMENT_ASSET_PATHS = "\"restrogram/Preview Content\"";
				ENABLE_PREVIEWS = YES;
				GENERATE_INFOPLIST_FILE = YES;
				INFOPLIST_KEY_UIApplicationSceneManifest_Generation = YES;
				INFOPLIST_KEY_UIApplicationSupportsIndirectInputEvents = YES;
				INFOPLIST_KEY_UILaunchScreen_Generation = YES;
				INFOPLIST_KEY_UISupportedInterfaceOrientations_iPad = "UIInterfaceOrientationPortrait UIInterfaceOrientationPortraitUpsideDown UIInterfaceOrientationLandscapeLeft UIInterfaceOrientationLandscapeRight";
				INFOPLIST_KEY_UISupportedInterfaceOrientations_iPhone = "UIInterfaceOrientationPortrait UIInterfaceOrientationLandscapeLeft UIInterfaceOrientationLandscapeRight";
				LD_RUNPATH_SEARCH_PATHS = (
					"$(inherited)",
					"@executable_path/Frameworks",
				);
				MARKETING_VERSION = 1.0;
				PRODUCT_BUNDLE_IDENTIFIER = com.lwu5.restrogram;
				PRODUCT_NAME = "$(TARGET_NAME)";
				SWIFT_EMIT_LOC_STRINGS = YES;
				SWIFT_VERSION = 5.0;
				TARGETED_DEVICE_FAMILY = "1,2";
			};
			name = Release;
		};
/* End XCBuildConfiguration section */

/* Begin XCConfigurationList section */
		D78619A42A6B8222007573B0 /* Build configuration list for PBXProject "restrogram" */ = {
			isa = XCConfigurationList;
			buildConfigurations = (
				D78619B52A6B822F007573B0 /* Debug */,
				D78619B62A6B822F007573B0 /* Release */,
			);
			defaultConfigurationIsVisible = 0;
			defaultConfigurationName = Release;
		};
		D78619B72A6B822F007573B0 /* Build configuration list for PBXNativeTarget "restrogram" */ = {
			isa = XCConfigurationList;
			buildConfigurations = (
				D78619B82A6B822F007573B0 /* Debug */,
				D78619B92A6B822F007573B0 /* Release */,
			);
			defaultConfigurationIsVisible = 0;
			defaultConfigurationName = Release;
		};
/* End XCConfigurationList section */

/* Begin XCRemoteSwiftPackageReference section */
		D72AFB2C2A720A9400383C2D /* XCRemoteSwiftPackageReference "firebase-ios-sdk" */ = {
			isa = XCRemoteSwiftPackageReference;
			repositoryURL = "https://github.com/firebase/firebase-ios-sdk";
			requirement = {
				kind = upToNextMajorVersion;
				minimumVersion = 10.0.0;
			};
		};
		D7A563E72A79F86300EFDFD7 /* XCRemoteSwiftPackageReference "Kingfisher" */ = {
			isa = XCRemoteSwiftPackageReference;
			repositoryURL = "https://github.com/onevcat/Kingfisher.git";
			requirement = {
				kind = upToNextMajorVersion;
				minimumVersion = 7.0.0;
			};
		};
/* End XCRemoteSwiftPackageReference section */

/* Begin XCSwiftPackageProductDependency section */
		D72AFB2D2A720A9400383C2D /* FirebaseAuth */ = {
			isa = XCSwiftPackageProductDependency;
			package = D72AFB2C2A720A9400383C2D /* XCRemoteSwiftPackageReference "firebase-ios-sdk" */;
			productName = FirebaseAuth;
		};
		D72AFB2F2A720A9400383C2D /* FirebaseFirestore */ = {
			isa = XCSwiftPackageProductDependency;
			package = D72AFB2C2A720A9400383C2D /* XCRemoteSwiftPackageReference "firebase-ios-sdk" */;
			productName = FirebaseFirestore;
		};
		D72AFB312A720A9400383C2D /* FirebaseFirestoreSwift */ = {
			isa = XCSwiftPackageProductDependency;
			package = D72AFB2C2A720A9400383C2D /* XCRemoteSwiftPackageReference "firebase-ios-sdk" */;
			productName = FirebaseFirestoreSwift;
		};
		D72AFB332A720A9400383C2D /* FirebaseStorage */ = {
			isa = XCSwiftPackageProductDependency;
			package = D72AFB2C2A720A9400383C2D /* XCRemoteSwiftPackageReference "firebase-ios-sdk" */;
			productName = FirebaseStorage;
		};
		D7A563E82A79F86300EFDFD7 /* Kingfisher */ = {
			isa = XCSwiftPackageProductDependency;
			package = D7A563E72A79F86300EFDFD7 /* XCRemoteSwiftPackageReference "Kingfisher" */;
			productName = Kingfisher;
		};
/* End XCSwiftPackageProductDependency section */
	};
	rootObject = D78619A12A6B8222007573B0 /* Project object */;
}
